
Microsoft Visual Studio Solution File, Format Version 12.00
# Visual Studio Version 17
VisualStudioVersion = 17.3.32505.426
MinimumVisualStudioVersion = 10.0.40219.1
Project("{FAE04EC0-301F-11D3-BF4B-00C04F79EFBC}") = "SGLCWeb", "SGLCWeb.csproj", "{B4122884-CDA9-4376-83EF-7FA3CBC6616B}"
EndProject
Global
	GlobalSection(SolutionConfigurationPlatforms) = preSolution
		Debug|Any CPU = Debug|Any CPU
		Release|Any CPU = Release|Any CPU
	EndGlobalSection
	GlobalSection(ProjectConfigurationPlatforms) = postSolution
		{B4122884-CDA9-4376-83EF-7FA3CBC6616B}.Debug|Any CPU.ActiveCfg = Debug|Any CPU
		{B4122884-CDA9-4376-83EF-7FA3CBC6616B}.Debug|Any CPU.Build.0 = Debug|Any CPU
		{B4122884-CDA9-4376-83EF-7FA3CBC6616B}.Release|Any CPU.ActiveCfg = Release|Any CPU
		{B4122884-CDA9-4376-83EF-7FA3CBC6616B}.Release|Any CPU.Build.0 = Release|Any CPU
	EndGlobalSection
	GlobalSection(SolutionProperties) = preSolution
		HideSolutionNode = FALSE
	EndGlobalSection
	GlobalSection(ExtensibilityGlobals) = postSolution
		SolutionGuid = {7DDFB2A3-2C03-4676-8EBA-80E17C807A7E}
	EndGlobalSection
EndGlobal
